
Microsoft Visual Studio Solution File, Format Version 12.00
# Visual Studio 15
VisualStudioVersion = 15.0.28010.0
MinimumVisualStudioVersion = 10.0.40219.1
Project("{FAE04EC0-301F-11D3-BF4B-00C04F79EFBC}") = "Clase12", "Clase12\Clase12.csproj", "{FF9B6E2B-7D97-4488-91A8-FBB0C4F717C9}"
EndProject
Global
	GlobalSection(SolutionConfigurationPlatforms) = preSolution
		Debug|Any CPU = Debug|Any CPU
		Release|Any CPU = Release|Any CPU
	EndGlobalSection
	GlobalSection(ProjectConfigurationPlatforms) = postSolution
		{FF9B6E2B-7D97-4488-91A8-FBB0C4F717C9}.Debug|Any CPU.ActiveCfg = Debug|Any CPU
		{FF9B6E2B-7D97-4488-91A8-FBB0C4F717C9}.Debug|Any CPU.Build.0 = Debug|Any CPU
		{FF9B6E2B-7D97-4488-91A8-FBB0C4F717C9}.Release|Any CPU.ActiveCfg = Release|Any CPU
		{FF9B6E2B-7D97-4488-91A8-FBB0C4F717C9}.Release|Any CPU.Build.0 = Release|Any CPU
	EndGlobalSection
	GlobalSection(SolutionProperties) = preSolution
		HideSolutionNode = FALSE
	EndGlobalSection
	GlobalSection(ExtensibilityGlobals) = postSolution
		SolutionGuid = {96395B6B-C9A9-4679-84B6-C4B3CED57774}
	EndGlobalSection
EndGlobal
